
Microsoft Visual Studio Solution File, Format Version 12.00
# Visual Studio Version 16
VisualStudioVersion = 16.0.31229.75
MinimumVisualStudioVersion = 10.0.40219.1
Project("{FAE04EC0-301F-11D3-BF4B-00C04F79EFBC}") = "tydz2lekcja8zad4", "tydz2lekcja8zad4.csproj", "{5B91EB0E-6C64-43B0-8D02-358D08D78D7A}"
EndProject
Global
	GlobalSection(SolutionConfigurationPlatforms) = preSolution
		Debug|Any CPU = Debug|Any CPU
		Release|Any CPU = Release|Any CPU
	EndGlobalSection
	GlobalSection(ProjectConfigurationPlatforms) = postSolution
		{5B91EB0E-6C64-43B0-8D02-358D08D78D7A}.Debug|Any CPU.ActiveCfg = Debug|Any CPU
		{5B91EB0E-6C64-43B0-8D02-358D08D78D7A}.Debug|Any CPU.Build.0 = Debug|Any CPU
		{5B91EB0E-6C64-43B0-8D02-358D08D78D7A}.Release|Any CPU.ActiveCfg = Release|Any CPU
		{5B91EB0E-6C64-43B0-8D02-358D08D78D7A}.Release|Any CPU.Build.0 = Release|Any CPU
	EndGlobalSection
	GlobalSection(SolutionProperties) = preSolution
		HideSolutionNode = FALSE
	EndGlobalSection
	GlobalSection(ExtensibilityGlobals) = postSolution
		SolutionGuid = {9E1AB6B5-1A57-4716-AD25-3A21132F8724}
	EndGlobalSection
EndGlobal
